
Microsoft Visual Studio Solution File, Format Version 12.00
# Visual Studio Version 16
VisualStudioVersion = 16.0.31112.23
MinimumVisualStudioVersion = 10.0.40219.1
Project("{FAE04EC0-301F-11D3-BF4B-00C04F79EFBC}") = "ManipulaçãoTxt", "ManipulaçãoTxt\ManipulaçãoTxt.csproj", "{A85B0A61-0A07-4E37-8007-38A17FEF8DCE}"
EndProject
Global
	GlobalSection(SolutionConfigurationPlatforms) = preSolution
		Debug|Any CPU = Debug|Any CPU
		Release|Any CPU = Release|Any CPU
	EndGlobalSection
	GlobalSection(ProjectConfigurationPlatforms) = postSolution
		{A85B0A61-0A07-4E37-8007-38A17FEF8DCE}.Debug|Any CPU.ActiveCfg = Debug|Any CPU
		{A85B0A61-0A07-4E37-8007-38A17FEF8DCE}.Debug|Any CPU.Build.0 = Debug|Any CPU
		{A85B0A61-0A07-4E37-8007-38A17FEF8DCE}.Release|Any CPU.ActiveCfg = Release|Any CPU
		{A85B0A61-0A07-4E37-8007-38A17FEF8DCE}.Release|Any CPU.Build.0 = Release|Any CPU
	EndGlobalSection
	GlobalSection(SolutionProperties) = preSolution
		HideSolutionNode = FALSE
	EndGlobalSection
	GlobalSection(ExtensibilityGlobals) = postSolution
		SolutionGuid = {79803FA3-7010-4FF4-9856-CF3EF3E86552}
	EndGlobalSection
EndGlobal
